
Microsoft Visual Studio Solution File, Format Version 12.00
# Visual Studio Version 17
VisualStudioVersion = 17.4.33213.308
MinimumVisualStudioVersion = 10.0.40219.1
Project("{9A19103F-16F7-4668-BE54-9A1E7A4F7556}") = "DirtyCode", "DirtyCode\DirtyCode.csproj", "{629A66CF-0F25-4E1C-8BE7-1BBC548FCE8B}"
EndProject
Project("{FAE04EC0-301F-11D3-BF4B-00C04F79EFBC}") = "Calculator.Tests", "Calculator.Tests\Calculator.Tests.csproj", "{54BC3293-7954-4C2B-A039-ED9DD0410BFB}"
EndProject
Global
	GlobalSection(SolutionConfigurationPlatforms) = preSolution
		Debug|Any CPU = Debug|Any CPU
		Release|Any CPU = Release|Any CPU
	EndGlobalSection
	GlobalSection(ProjectConfigurationPlatforms) = postSolution
		{629A66CF-0F25-4E1C-8BE7-1BBC548FCE8B}.Debug|Any CPU.ActiveCfg = Debug|Any CPU
		{629A66CF-0F25-4E1C-8BE7-1BBC548FCE8B}.Debug|Any CPU.Build.0 = Debug|Any CPU
		{629A66CF-0F25-4E1C-8BE7-1BBC548FCE8B}.Release|Any CPU.ActiveCfg = Release|Any CPU
		{629A66CF-0F25-4E1C-8BE7-1BBC548FCE8B}.Release|Any CPU.Build.0 = Release|Any CPU
		{54BC3293-7954-4C2B-A039-ED9DD0410BFB}.Debug|Any CPU.ActiveCfg = Debug|Any CPU
		{54BC3293-7954-4C2B-A039-ED9DD0410BFB}.Debug|Any CPU.Build.0 = Debug|Any CPU
		{54BC3293-7954-4C2B-A039-ED9DD0410BFB}.Release|Any CPU.ActiveCfg = Release|Any CPU
		{54BC3293-7954-4C2B-A039-ED9DD0410BFB}.Release|Any CPU.Build.0 = Release|Any CPU
	EndGlobalSection
	GlobalSection(SolutionProperties) = preSolution
		HideSolutionNode = FALSE
	EndGlobalSection
	GlobalSection(ExtensibilityGlobals) = postSolution
		SolutionGuid = {CC484112-B30D-4ACD-8103-2810BC481CD3}
	EndGlobalSection
EndGlobal
